
Microsoft Visual Studio Solution File, Format Version 12.00
# Visual Studio Version 17
VisualStudioVersion = 17.4.33403.182
MinimumVisualStudioVersion = 10.0.40219.1
Project("{2150E333-8FDC-42A3-9474-1A3956D46DE8}") = "src", "src", "{F93C3FEC-8260-4CA2-A03C-9F93DD6C0E5B}"
EndProject
Project("{2150E333-8FDC-42A3-9474-1A3956D46DE8}") = "Core", "Core", "{29CD9F55-BB10-4F65-BE29-AB21F0B91F6F}"
EndProject
Project("{2150E333-8FDC-42A3-9474-1A3956D46DE8}") = "Infrastructure", "Infrastructure", "{2257A416-27ED-4E90-8FFE-182B6BF17223}"
EndProject
Project("{2150E333-8FDC-42A3-9474-1A3956D46DE8}") = "UI", "UI", "{FFF5DE75-402B-4245-B562-0C4D173498AE}"
EndProject
Project("{9A19103F-16F7-4668-BE54-9A1E7A4F7556}") = "Avhrm.Identity.UI", "Avhrm\Avhrm.Identity.UI.csproj", "{BD075CE9-D02F-461C-8DC8-0FE2313DEBDA}"
EndProject
Project("{9A19103F-16F7-4668-BE54-9A1E7A4F7556}") = "Avhrm.Persistence", "Avhrm.Persistence\Avhrm.Persistence.csproj", "{D61D6484-0E8E-4AF9-8B98-11B63EE63667}"
EndProject
Project("{9A19103F-16F7-4668-BE54-9A1E7A4F7556}") = "Avhrm.Core", "Avhrm.Core\Avhrm.Core.csproj", "{957BEB25-565F-46A7-8E05-FF9191EE6C11}"
EndProject
Project("{2150E333-8FDC-42A3-9474-1A3956D46DE8}") = "Server", "Server", "{FC4B5736-8B27-4753-AEEF-E06D4812712C}"
EndProject
Project("{9A19103F-16F7-4668-BE54-9A1E7A4F7556}") = "Avhrm.Server", "Avhrm.Server\Avhrm.Server.csproj", "{7976AA05-1F4C-4E2B-A7FB-87DEBD63EF99}"
EndProject
Project("{9A19103F-16F7-4668-BE54-9A1E7A4F7556}") = "Avhrm.UI.Mobile", "Avhrm.UI.Mobile\Avhrm.UI.Mobile.csproj", "{CF8C0CE1-05CE-4609-BA50-788F068B6DA6}"
EndProject
Project("{2150E333-8FDC-42A3-9474-1A3956D46DE8}") = "SolutionItems", "SolutionItems", "{B3D997F6-4CBE-4F40-9389-4BF27F1BC1DF}"
	ProjectSection(SolutionItems) = preProject
		Directory.build.props = Directory.build.props
	EndProjectSection
EndProject
Project("{9A19103F-16F7-4668-BE54-9A1E7A4F7556}") = "Avhrm.UI.Shared", "Avhrm.UI.Shared\Avhrm.UI.Shared.csproj", "{591156C4-358D-499F-9CE1-2400700A364D}"
EndProject
Project("{9A19103F-16F7-4668-BE54-9A1E7A4F7556}") = "Avhrm.UI.Web", "Avhrm.UI.Web\Avhrm.UI.Web.csproj", "{6FA787B2-7D93-4C2C-80E8-DF4D2A205CC7}"
EndProject
Project("{9A19103F-16F7-4668-BE54-9A1E7A4F7556}") = "Avhrm.Tools", "Avhrm.Tools\Avhrm.Tools.csproj", "{DFD9C6D3-A112-4BB9-9349-F8EA3F40A058}"
EndProject
Project("{9A19103F-16F7-4668-BE54-9A1E7A4F7556}") = "Avhrm.Identity.Server", "Avhrm.Identity.Server\Avhrm.Identity.Server.csproj", "{A31BE17D-4E5E-4D5A-90D6-8AB5C03F358A}"
EndProject
Project("{2150E333-8FDC-42A3-9474-1A3956D46DE8}") = "Identity", "Identity", "{F613A00F-1311-4E54-B10C-A21E246009FA}"
EndProject
Project("{FAE04EC0-301F-11D3-BF4B-00C04F79EFBC}") = "Avhrm.Domains", "Avhrm.Domains\Avhrm.Domains.csproj", "{8DB70B78-D4E2-4B25-9AF5-7734B23EAA16}"
EndProject
Global
	GlobalSection(SolutionConfigurationPlatforms) = preSolution
		Debug|Any CPU = Debug|Any CPU
		Release|Any CPU = Release|Any CPU
	EndGlobalSection
	GlobalSection(ProjectConfigurationPlatforms) = postSolution
		{BD075CE9-D02F-461C-8DC8-0FE2313DEBDA}.Debug|Any CPU.ActiveCfg = Debug|Any CPU
		{BD075CE9-D02F-461C-8DC8-0FE2313DEBDA}.Debug|Any CPU.Build.0 = Debug|Any CPU
		{BD075CE9-D02F-461C-8DC8-0FE2313DEBDA}.Release|Any CPU.ActiveCfg = Release|Any CPU
		{BD075CE9-D02F-461C-8DC8-0FE2313DEBDA}.Release|Any CPU.Build.0 = Release|Any CPU
		{D61D6484-0E8E-4AF9-8B98-11B63EE63667}.Debug|Any CPU.ActiveCfg = Debug|Any CPU
		{D61D6484-0E8E-4AF9-8B98-11B63EE63667}.Debug|Any CPU.Build.0 = Debug|Any CPU
		{D61D6484-0E8E-4AF9-8B98-11B63EE63667}.Release|Any CPU.ActiveCfg = Release|Any CPU
		{D61D6484-0E8E-4AF9-8B98-11B63EE63667}.Release|Any CPU.Build.0 = Release|Any CPU
		{957BEB25-565F-46A7-8E05-FF9191EE6C11}.Debug|Any CPU.ActiveCfg = Debug|Any CPU
		{957BEB25-565F-46A7-8E05-FF9191EE6C11}.Debug|Any CPU.Build.0 = Debug|Any CPU
		{957BEB25-565F-46A7-8E05-FF9191EE6C11}.Release|Any CPU.ActiveCfg = Release|Any CPU
		{957BEB25-565F-46A7-8E05-FF9191EE6C11}.Release|Any CPU.Build.0 = Release|Any CPU
		{7976AA05-1F4C-4E2B-A7FB-87DEBD63EF99}.Debug|Any CPU.ActiveCfg = Debug|Any CPU
		{7976AA05-1F4C-4E2B-A7FB-87DEBD63EF99}.Debug|Any CPU.Build.0 = Debug|Any CPU
		{7976AA05-1F4C-4E2B-A7FB-87DEBD63EF99}.Release|Any CPU.ActiveCfg = Release|Any CPU
		{7976AA05-1F4C-4E2B-A7FB-87DEBD63EF99}.Release|Any CPU.Build.0 = Release|Any CPU
		{CF8C0CE1-05CE-4609-BA50-788F068B6DA6}.Debug|Any CPU.ActiveCfg = Debug|Any CPU
		{CF8C0CE1-05CE-4609-BA50-788F068B6DA6}.Debug|Any CPU.Build.0 = Debug|Any CPU
		{CF8C0CE1-05CE-4609-BA50-788F068B6DA6}.Debug|Any CPU.Deploy.0 = Debug|Any CPU
		{CF8C0CE1-05CE-4609-BA50-788F068B6DA6}.Release|Any CPU.ActiveCfg = Release|Any CPU
		{CF8C0CE1-05CE-4609-BA50-788F068B6DA6}.Release|Any CPU.Build.0 = Release|Any CPU
		{CF8C0CE1-05CE-4609-BA50-788F068B6DA6}.Release|Any CPU.Deploy.0 = Release|Any CPU
		{591156C4-358D-499F-9CE1-2400700A364D}.Debug|Any CPU.ActiveCfg = Debug|Any CPU
		{591156C4-358D-499F-9CE1-2400700A364D}.Debug|Any CPU.Build.0 = Debug|Any CPU
		{591156C4-358D-499F-9CE1-2400700A364D}.Release|Any CPU.ActiveCfg = Release|Any CPU
		{591156C4-358D-499F-9CE1-2400700A364D}.Release|Any CPU.Build.0 = Release|Any CPU
		{6FA787B2-7D93-4C2C-80E8-DF4D2A205CC7}.Debug|Any CPU.ActiveCfg = Debug|Any CPU
		{6FA787B2-7D93-4C2C-80E8-DF4D2A205CC7}.Debug|Any CPU.Build.0 = Debug|Any CPU
		{6FA787B2-7D93-4C2C-80E8-DF4D2A205CC7}.Release|Any CPU.ActiveCfg = Release|Any CPU
		{6FA787B2-7D93-4C2C-80E8-DF4D2A205CC7}.Release|Any CPU.Build.0 = Release|Any CPU
		{DFD9C6D3-A112-4BB9-9349-F8EA3F40A058}.Debug|Any CPU.ActiveCfg = Debug|Any CPU
		{DFD9C6D3-A112-4BB9-9349-F8EA3F40A058}.Debug|Any CPU.Build.0 = Debug|Any CPU
		{DFD9C6D3-A112-4BB9-9349-F8EA3F40A058}.Release|Any CPU.ActiveCfg = Release|Any CPU
		{DFD9C6D3-A112-4BB9-9349-F8EA3F40A058}.Release|Any CPU.Build.0 = Release|Any CPU
		{A31BE17D-4E5E-4D5A-90D6-8AB5C03F358A}.Debug|Any CPU.ActiveCfg = Debug|Any CPU
		{A31BE17D-4E5E-4D5A-90D6-8AB5C03F358A}.Debug|Any CPU.Build.0 = Debug|Any CPU
		{A31BE17D-4E5E-4D5A-90D6-8AB5C03F358A}.Release|Any CPU.ActiveCfg = Release|Any CPU
		{A31BE17D-4E5E-4D5A-90D6-8AB5C03F358A}.Release|Any CPU.Build.0 = Release|Any CPU
		{8DB70B78-D4E2-4B25-9AF5-7734B23EAA16}.Debug|Any CPU.ActiveCfg = Debug|Any CPU
		{8DB70B78-D4E2-4B25-9AF5-7734B23EAA16}.Debug|Any CPU.Build.0 = Debug|Any CPU
		{8DB70B78-D4E2-4B25-9AF5-7734B23EAA16}.Release|Any CPU.ActiveCfg = Release|Any CPU
		{8DB70B78-D4E2-4B25-9AF5-7734B23EAA16}.Release|Any CPU.Build.0 = Release|Any CPU
	EndGlobalSection
	GlobalSection(SolutionProperties) = preSolution
		HideSolutionNode = FALSE
	EndGlobalSection
	GlobalSection(NestedProjects) = preSolution
		{29CD9F55-BB10-4F65-BE29-AB21F0B91F6F} = {F93C3FEC-8260-4CA2-A03C-9F93DD6C0E5B}
		{2257A416-27ED-4E90-8FFE-182B6BF17223} = {F93C3FEC-8260-4CA2-A03C-9F93DD6C0E5B}
		{FFF5DE75-402B-4245-B562-0C4D173498AE} = {F93C3FEC-8260-4CA2-A03C-9F93DD6C0E5B}
		{BD075CE9-D02F-461C-8DC8-0FE2313DEBDA} = {F613A00F-1311-4E54-B10C-A21E246009FA}
		{D61D6484-0E8E-4AF9-8B98-11B63EE63667} = {2257A416-27ED-4E90-8FFE-182B6BF17223}
		{957BEB25-565F-46A7-8E05-FF9191EE6C11} = {29CD9F55-BB10-4F65-BE29-AB21F0B91F6F}
		{FC4B5736-8B27-4753-AEEF-E06D4812712C} = {F93C3FEC-8260-4CA2-A03C-9F93DD6C0E5B}
		{7976AA05-1F4C-4E2B-A7FB-87DEBD63EF99} = {FC4B5736-8B27-4753-AEEF-E06D4812712C}
		{CF8C0CE1-05CE-4609-BA50-788F068B6DA6} = {FFF5DE75-402B-4245-B562-0C4D173498AE}
		{591156C4-358D-499F-9CE1-2400700A364D} = {FFF5DE75-402B-4245-B562-0C4D173498AE}
		{6FA787B2-7D93-4C2C-80E8-DF4D2A205CC7} = {FFF5DE75-402B-4245-B562-0C4D173498AE}
		{DFD9C6D3-A112-4BB9-9349-F8EA3F40A058} = {2257A416-27ED-4E90-8FFE-182B6BF17223}
		{A31BE17D-4E5E-4D5A-90D6-8AB5C03F358A} = {F613A00F-1311-4E54-B10C-A21E246009FA}
		{F613A00F-1311-4E54-B10C-A21E246009FA} = {F93C3FEC-8260-4CA2-A03C-9F93DD6C0E5B}
		{8DB70B78-D4E2-4B25-9AF5-7734B23EAA16} = {29CD9F55-BB10-4F65-BE29-AB21F0B91F6F}
	EndGlobalSection
	GlobalSection(ExtensibilityGlobals) = postSolution
		SolutionGuid = {BFAC11BB-ECB6-4E53-B974-1F2417D73229}
	EndGlobalSection
EndGlobal
